
Microsoft Visual Studio Solution File, Format Version 12.00
# Visual Studio Version 17
VisualStudioVersion = 17.5.33530.505
MinimumVisualStudioVersion = 10.0.40219.1
Project("{2150E333-8FDC-42A3-9474-1A3956D46DE8}") = "Services", "Services", "{FC6D5AE0-89C2-4D3B-A36F-E410455CED8D}"
EndProject
Project("{2150E333-8FDC-42A3-9474-1A3956D46DE8}") = "Catalog", "Catalog", "{637B4D32-FB0D-4AD9-B389-CA62B233E94F}"
EndProject
Project("{9A19103F-16F7-4668-BE54-9A1E7A4F7556}") = "MultiShop.Catalog", "Services\Catalog\MultiShop.Catalog\MultiShop.Catalog.csproj", "{EF0CECF0-B3EE-4235-8AAC-6B712DAF2A69}"
EndProject
Project("{2150E333-8FDC-42A3-9474-1A3956D46DE8}") = "Discount", "Discount", "{BCEB58FB-4DC7-46CA-8EF2-4EACDE58C1D4}"
EndProject
Project("{9A19103F-16F7-4668-BE54-9A1E7A4F7556}") = "MultiShop.Discount", "Services\Discount\MultiShop.Discount\MultiShop.Discount.csproj", "{E1F24D05-E294-42AD-A0E3-C4A11AC43E36}"
EndProject
Project("{2150E333-8FDC-42A3-9474-1A3956D46DE8}") = "Order", "Order", "{930FD7A4-F31C-4771-B35F-E375F11A424D}"
EndProject
Project("{2150E333-8FDC-42A3-9474-1A3956D46DE8}") = "Core", "Core", "{637F8F59-D15C-4546-98F3-149C58D567BD}"
EndProject
Project("{2150E333-8FDC-42A3-9474-1A3956D46DE8}") = "Infrastructure", "Infrastructure", "{FE38A75A-7162-42CB-8700-63DD143768EE}"
EndProject
Project("{2150E333-8FDC-42A3-9474-1A3956D46DE8}") = "Presentation", "Presentation", "{10C13503-B391-4D72-9001-82DA9E1657EA}"
EndProject
Project("{9A19103F-16F7-4668-BE54-9A1E7A4F7556}") = "MultiShop.Order.Domain", "Services\Order\Core\MultiShop.Order.Domain\MultiShop.Order.Domain.csproj", "{13C3C8A5-4585-4CB1-8589-9B66AA554E5B}"
EndProject
Project("{9A19103F-16F7-4668-BE54-9A1E7A4F7556}") = "MultiShop.Order.Application", "Services\Order\Core\MultiShop.Order.Application\MultiShop.Order.Application.csproj", "{F01F6DDB-850D-4353-A455-57F47878F7F6}"
EndProject
Project("{9A19103F-16F7-4668-BE54-9A1E7A4F7556}") = "MultiShop.Order.Persistence", "Services\Order\Infrastructure\MultiShop.Order.Persistence\MultiShop.Order.Persistence.csproj", "{35D55983-201C-4028-88BE-6EFC4DB6C1FC}"
EndProject
Project("{9A19103F-16F7-4668-BE54-9A1E7A4F7556}") = "MultiShop.Order.WebApi", "Services\Order\Presentation\MultiShop.Order.WebApi\MultiShop.Order.WebApi.csproj", "{EBB388AB-084B-4940-B770-13E7BAD1F4B1}"
EndProject
Project("{2150E333-8FDC-42A3-9474-1A3956D46DE8}") = "IdentityServer", "IdentityServer", "{C55807D6-A744-46CC-9BBF-9AB265BE889D}"
EndProject
Project("{9A19103F-16F7-4668-BE54-9A1E7A4F7556}") = "Multishop.IdentityServer", "IdentityServer\Multishop.IdentityServer\Multishop.IdentityServer.csproj", "{6E1F676D-DE85-4F8A-A412-91AF9515AFC0}"
EndProject
Project("{2150E333-8FDC-42A3-9474-1A3956D46DE8}") = "Requirements", "Requirements", "{17BC1D59-BAC9-4845-9B1A-AF2556CF7766}"
	ProjectSection(SolutionItems) = preProject
		PortainerCmd.txt = PortainerCmd.txt
		PortNumbers.txt = PortNumbers.txt
	EndProjectSection
EndProject
Project("{2150E333-8FDC-42A3-9474-1A3956D46DE8}") = "Cargo", "Cargo", "{3ED46B34-E7D2-4372-A0A5-0D09C4DA445F}"
EndProject
Project("{9A19103F-16F7-4668-BE54-9A1E7A4F7556}") = "MultiShop.Cargo.EntityLayer", "Services\Cargo\MultiShop.Cargo.EntityLayer\MultiShop.Cargo.EntityLayer.csproj", "{FA569B8E-F75C-4A76-9FD4-94257056A65A}"
EndProject
Project("{9A19103F-16F7-4668-BE54-9A1E7A4F7556}") = "MultiShop.Cargo.BuesinessLayer", "Services\Cargo\MultiShop.Cargo.BuesinessLayer\MultiShop.Cargo.BuesinessLayer.csproj", "{1418069A-C432-475F-928E-F7EF0CA09692}"
EndProject
Project("{9A19103F-16F7-4668-BE54-9A1E7A4F7556}") = "MultiShop.Cargo.DataAccessLayer", "Services\Cargo\MultiShop.Cargo.DataAccessLayer\MultiShop.Cargo.DataAccessLayer.csproj", "{AF96413C-DD0F-4ABA-8DE1-BF8926E965BB}"
EndProject
Project("{9A19103F-16F7-4668-BE54-9A1E7A4F7556}") = "MultiShop.Cargo.DtoLayer", "Services\Cargo\MultiShop.Cargo.DtoLayer\MultiShop.Cargo.DtoLayer.csproj", "{3C7C3FBE-627B-42E9-B27C-32FB55FA4837}"
EndProject
Project("{9A19103F-16F7-4668-BE54-9A1E7A4F7556}") = "MultiShop.Cargo.WebApi", "Services\Cargo\MultiShop.Cargo.WebApi\MultiShop.Cargo.WebApi.csproj", "{F708A1CA-B41C-41B1-BA77-204DA074E1AE}"
EndProject
Project("{2150E333-8FDC-42A3-9474-1A3956D46DE8}") = "Basket", "Basket", "{9EA414C8-C444-4F89-96D1-26DFA762FFE6}"
EndProject
Project("{9A19103F-16F7-4668-BE54-9A1E7A4F7556}") = "MultiShop.Basket", "Services\Basket\MultiShop.Basket\MultiShop.Basket.csproj", "{1BBC6C86-1610-4204-9689-D362B298ED8A}"
EndProject
Project("{2150E333-8FDC-42A3-9474-1A3956D46DE8}") = "Frontends", "Frontends", "{34162B08-79CA-48C5-9E15-0F5A553094DF}"
EndProject
Project("{9A19103F-16F7-4668-BE54-9A1E7A4F7556}") = "MultiShop.WebUI", "Frontends\MultiShop.WebUI\MultiShop.WebUI.csproj", "{802F482C-0A5E-4917-978D-6B0718690584}"
EndProject
Project("{FAE04EC0-301F-11D3-BF4B-00C04F79EFBC}") = "MultiShop.DtoLayer", "Frontends\MultiShop.DtoLayer\MultiShop.DtoLayer.csproj", "{79826105-4A48-49B9-B3EE-3DD169087D95}"
EndProject
Global
	GlobalSection(SolutionConfigurationPlatforms) = preSolution
		Debug|Any CPU = Debug|Any CPU
		Release|Any CPU = Release|Any CPU
	EndGlobalSection
	GlobalSection(ProjectConfigurationPlatforms) = postSolution
		{EF0CECF0-B3EE-4235-8AAC-6B712DAF2A69}.Debug|Any CPU.ActiveCfg = Debug|Any CPU
		{EF0CECF0-B3EE-4235-8AAC-6B712DAF2A69}.Debug|Any CPU.Build.0 = Debug|Any CPU
		{EF0CECF0-B3EE-4235-8AAC-6B712DAF2A69}.Release|Any CPU.ActiveCfg = Release|Any CPU
		{EF0CECF0-B3EE-4235-8AAC-6B712DAF2A69}.Release|Any CPU.Build.0 = Release|Any CPU
		{E1F24D05-E294-42AD-A0E3-C4A11AC43E36}.Debug|Any CPU.ActiveCfg = Debug|Any CPU
		{E1F24D05-E294-42AD-A0E3-C4A11AC43E36}.Debug|Any CPU.Build.0 = Debug|Any CPU
		{E1F24D05-E294-42AD-A0E3-C4A11AC43E36}.Release|Any CPU.ActiveCfg = Release|Any CPU
		{E1F24D05-E294-42AD-A0E3-C4A11AC43E36}.Release|Any CPU.Build.0 = Release|Any CPU
		{13C3C8A5-4585-4CB1-8589-9B66AA554E5B}.Debug|Any CPU.ActiveCfg = Debug|Any CPU
		{13C3C8A5-4585-4CB1-8589-9B66AA554E5B}.Debug|Any CPU.Build.0 = Debug|Any CPU
		{13C3C8A5-4585-4CB1-8589-9B66AA554E5B}.Release|Any CPU.ActiveCfg = Release|Any CPU
		{13C3C8A5-4585-4CB1-8589-9B66AA554E5B}.Release|Any CPU.Build.0 = Release|Any CPU
		{F01F6DDB-850D-4353-A455-57F47878F7F6}.Debug|Any CPU.ActiveCfg = Debug|Any CPU
		{F01F6DDB-850D-4353-A455-57F47878F7F6}.Debug|Any CPU.Build.0 = Debug|Any CPU
		{F01F6DDB-850D-4353-A455-57F47878F7F6}.Release|Any CPU.ActiveCfg = Release|Any CPU
		{F01F6DDB-850D-4353-A455-57F47878F7F6}.Release|Any CPU.Build.0 = Release|Any CPU
		{35D55983-201C-4028-88BE-6EFC4DB6C1FC}.Debug|Any CPU.ActiveCfg = Debug|Any CPU
		{35D55983-201C-4028-88BE-6EFC4DB6C1FC}.Debug|Any CPU.Build.0 = Debug|Any CPU
		{35D55983-201C-4028-88BE-6EFC4DB6C1FC}.Release|Any CPU.ActiveCfg = Release|Any CPU
		{35D55983-201C-4028-88BE-6EFC4DB6C1FC}.Release|Any CPU.Build.0 = Release|Any CPU
		{EBB388AB-084B-4940-B770-13E7BAD1F4B1}.Debug|Any CPU.ActiveCfg = Debug|Any CPU
		{EBB388AB-084B-4940-B770-13E7BAD1F4B1}.Debug|Any CPU.Build.0 = Debug|Any CPU
		{EBB388AB-084B-4940-B770-13E7BAD1F4B1}.Release|Any CPU.ActiveCfg = Release|Any CPU
		{EBB388AB-084B-4940-B770-13E7BAD1F4B1}.Release|Any CPU.Build.0 = Release|Any CPU
		{6E1F676D-DE85-4F8A-A412-91AF9515AFC0}.Debug|Any CPU.ActiveCfg = Debug|Any CPU
		{6E1F676D-DE85-4F8A-A412-91AF9515AFC0}.Debug|Any CPU.Build.0 = Debug|Any CPU
		{6E1F676D-DE85-4F8A-A412-91AF9515AFC0}.Release|Any CPU.ActiveCfg = Release|Any CPU
		{6E1F676D-DE85-4F8A-A412-91AF9515AFC0}.Release|Any CPU.Build.0 = Release|Any CPU
		{FA569B8E-F75C-4A76-9FD4-94257056A65A}.Debug|Any CPU.ActiveCfg = Debug|Any CPU
		{FA569B8E-F75C-4A76-9FD4-94257056A65A}.Debug|Any CPU.Build.0 = Debug|Any CPU
		{FA569B8E-F75C-4A76-9FD4-94257056A65A}.Release|Any CPU.ActiveCfg = Release|Any CPU
		{FA569B8E-F75C-4A76-9FD4-94257056A65A}.Release|Any CPU.Build.0 = Release|Any CPU
		{1418069A-C432-475F-928E-F7EF0CA09692}.Debug|Any CPU.ActiveCfg = Debug|Any CPU
		{1418069A-C432-475F-928E-F7EF0CA09692}.Debug|Any CPU.Build.0 = Debug|Any CPU
		{1418069A-C432-475F-928E-F7EF0CA09692}.Release|Any CPU.ActiveCfg = Release|Any CPU
		{1418069A-C432-475F-928E-F7EF0CA09692}.Release|Any CPU.Build.0 = Release|Any CPU
		{AF96413C-DD0F-4ABA-8DE1-BF8926E965BB}.Debug|Any CPU.ActiveCfg = Debug|Any CPU
		{AF96413C-DD0F-4ABA-8DE1-BF8926E965BB}.Debug|Any CPU.Build.0 = Debug|Any CPU
		{AF96413C-DD0F-4ABA-8DE1-BF8926E965BB}.Release|Any CPU.ActiveCfg = Release|Any CPU
		{AF96413C-DD0F-4ABA-8DE1-BF8926E965BB}.Release|Any CPU.Build.0 = Release|Any CPU
		{3C7C3FBE-627B-42E9-B27C-32FB55FA4837}.Debug|Any CPU.ActiveCfg = Debug|Any CPU
		{3C7C3FBE-627B-42E9-B27C-32FB55FA4837}.Debug|Any CPU.Build.0 = Debug|Any CPU
		{3C7C3FBE-627B-42E9-B27C-32FB55FA4837}.Release|Any CPU.ActiveCfg = Release|Any CPU
		{3C7C3FBE-627B-42E9-B27C-32FB55FA4837}.Release|Any CPU.Build.0 = Release|Any CPU
		{F708A1CA-B41C-41B1-BA77-204DA074E1AE}.Debug|Any CPU.ActiveCfg = Debug|Any CPU
		{F708A1CA-B41C-41B1-BA77-204DA074E1AE}.Debug|Any CPU.Build.0 = Debug|Any CPU
		{F708A1CA-B41C-41B1-BA77-204DA074E1AE}.Release|Any CPU.ActiveCfg = Release|Any CPU
		{F708A1CA-B41C-41B1-BA77-204DA074E1AE}.Release|Any CPU.Build.0 = Release|Any CPU
		{1BBC6C86-1610-4204-9689-D362B298ED8A}.Debug|Any CPU.ActiveCfg = Debug|Any CPU
		{1BBC6C86-1610-4204-9689-D362B298ED8A}.Debug|Any CPU.Build.0 = Debug|Any CPU
		{1BBC6C86-1610-4204-9689-D362B298ED8A}.Release|Any CPU.ActiveCfg = Release|Any CPU
		{1BBC6C86-1610-4204-9689-D362B298ED8A}.Release|Any CPU.Build.0 = Release|Any CPU
		{802F482C-0A5E-4917-978D-6B0718690584}.Debug|Any CPU.ActiveCfg = Debug|Any CPU
		{802F482C-0A5E-4917-978D-6B0718690584}.Debug|Any CPU.Build.0 = Debug|Any CPU
		{802F482C-0A5E-4917-978D-6B0718690584}.Release|Any CPU.ActiveCfg = Release|Any CPU
		{802F482C-0A5E-4917-978D-6B0718690584}.Release|Any CPU.Build.0 = Release|Any CPU
		{79826105-4A48-49B9-B3EE-3DD169087D95}.Debug|Any CPU.ActiveCfg = Debug|Any CPU
		{79826105-4A48-49B9-B3EE-3DD169087D95}.Debug|Any CPU.Build.0 = Debug|Any CPU
		{79826105-4A48-49B9-B3EE-3DD169087D95}.Release|Any CPU.ActiveCfg = Release|Any CPU
		{79826105-4A48-49B9-B3EE-3DD169087D95}.Release|Any CPU.Build.0 = Release|Any CPU
	EndGlobalSection
	GlobalSection(SolutionProperties) = preSolution
		HideSolutionNode = FALSE
	EndGlobalSection
	GlobalSection(NestedProjects) = preSolution
		{637B4D32-FB0D-4AD9-B389-CA62B233E94F} = {FC6D5AE0-89C2-4D3B-A36F-E410455CED8D}
		{EF0CECF0-B3EE-4235-8AAC-6B712DAF2A69} = {637B4D32-FB0D-4AD9-B389-CA62B233E94F}
		{BCEB58FB-4DC7-46CA-8EF2-4EACDE58C1D4} = {FC6D5AE0-89C2-4D3B-A36F-E410455CED8D}
		{E1F24D05-E294-42AD-A0E3-C4A11AC43E36} = {BCEB58FB-4DC7-46CA-8EF2-4EACDE58C1D4}
		{930FD7A4-F31C-4771-B35F-E375F11A424D} = {FC6D5AE0-89C2-4D3B-A36F-E410455CED8D}
		{637F8F59-D15C-4546-98F3-149C58D567BD} = {930FD7A4-F31C-4771-B35F-E375F11A424D}
		{FE38A75A-7162-42CB-8700-63DD143768EE} = {930FD7A4-F31C-4771-B35F-E375F11A424D}
		{10C13503-B391-4D72-9001-82DA9E1657EA} = {930FD7A4-F31C-4771-B35F-E375F11A424D}
		{13C3C8A5-4585-4CB1-8589-9B66AA554E5B} = {637F8F59-D15C-4546-98F3-149C58D567BD}
		{F01F6DDB-850D-4353-A455-57F47878F7F6} = {637F8F59-D15C-4546-98F3-149C58D567BD}
		{35D55983-201C-4028-88BE-6EFC4DB6C1FC} = {FE38A75A-7162-42CB-8700-63DD143768EE}
		{EBB388AB-084B-4940-B770-13E7BAD1F4B1} = {10C13503-B391-4D72-9001-82DA9E1657EA}
		{6E1F676D-DE85-4F8A-A412-91AF9515AFC0} = {C55807D6-A744-46CC-9BBF-9AB265BE889D}
		{3ED46B34-E7D2-4372-A0A5-0D09C4DA445F} = {FC6D5AE0-89C2-4D3B-A36F-E410455CED8D}
		{FA569B8E-F75C-4A76-9FD4-94257056A65A} = {3ED46B34-E7D2-4372-A0A5-0D09C4DA445F}
		{1418069A-C432-475F-928E-F7EF0CA09692} = {3ED46B34-E7D2-4372-A0A5-0D09C4DA445F}
		{AF96413C-DD0F-4ABA-8DE1-BF8926E965BB} = {3ED46B34-E7D2-4372-A0A5-0D09C4DA445F}
		{3C7C3FBE-627B-42E9-B27C-32FB55FA4837} = {3ED46B34-E7D2-4372-A0A5-0D09C4DA445F}
		{F708A1CA-B41C-41B1-BA77-204DA074E1AE} = {3ED46B34-E7D2-4372-A0A5-0D09C4DA445F}
		{9EA414C8-C444-4F89-96D1-26DFA762FFE6} = {FC6D5AE0-89C2-4D3B-A36F-E410455CED8D}
		{1BBC6C86-1610-4204-9689-D362B298ED8A} = {9EA414C8-C444-4F89-96D1-26DFA762FFE6}
		{802F482C-0A5E-4917-978D-6B0718690584} = {34162B08-79CA-48C5-9E15-0F5A553094DF}
		{79826105-4A48-49B9-B3EE-3DD169087D95} = {34162B08-79CA-48C5-9E15-0F5A553094DF}
	EndGlobalSection
	GlobalSection(ExtensibilityGlobals) = postSolution
		SolutionGuid = {B172B049-A7F5-4F60-BEC7-C1713B374853}
	EndGlobalSection
EndGlobal
